// !$*UTF8*$!
{
	archiveVersion = 1;
	classes = {
	};
	objectVersion = 46;
	objects = {

/* Begin PBXBuildFile section */
		0798F8351EA86800004D9AD7 /* AppDelegate.swift in Sources */ = {isa = PBXBuildFile; fileRef = 0798F8341EA86800004D9AD7 /* AppDelegate.swift */; };
		0798F8371EA86800004D9AD7 /* ViewController.swift in Sources */ = {isa = PBXBuildFile; fileRef = 0798F8361EA86800004D9AD7 /* ViewController.swift */; };
		0798F83A1EA86800004D9AD7 /* Main.storyboard in Resources */ = {isa = PBXBuildFile; fileRef = 0798F8381EA86800004D9AD7 /* Main.storyboard */; };
		0798F83C1EA86800004D9AD7 /* Assets.xcassets in Resources */ = {isa = PBXBuildFile; fileRef = 0798F83B1EA86800004D9AD7 /* Assets.xcassets */; };
		0798F83F1EA86800004D9AD7 /* LaunchScreen.storyboard in Resources */ = {isa = PBXBuildFile; fileRef = 0798F83D1EA86800004D9AD7 /* LaunchScreen.storyboard */; };
		0798F84A1EA86800004D9AD7 /* week6Tests.swift in Sources */ = {isa = PBXBuildFile; fileRef = 0798F8491EA86800004D9AD7 /* week6Tests.swift */; };
		0798F8551EA86800004D9AD7 /* week6UITests.swift in Sources */ = {isa = PBXBuildFile; fileRef = 0798F8541EA86800004D9AD7 /* week6UITests.swift */; };
/* End PBXBuildFile section */

/* Begin PBXContainerItemProxy section */
		0798F8461EA86800004D9AD7 /* PBXContainerItemProxy */ = {
			isa = PBXContainerItemProxy;
			containerPortal = 0798F8291EA86800004D9AD7 /* Project object */;
			proxyType = 1;
			remoteGlobalIDString = 0798F8301EA86800004D9AD7;
			remoteInfo = week6;
		};
		0798F8511EA86800004D9AD7 /* PBXContainerItemProxy */ = {
			isa = PBXContainerItemProxy;
			containerPortal = 0798F8291EA86800004D9AD7 /* Project object */;
			proxyType = 1;
			remoteGlobalIDString = 0798F8301EA86800004D9AD7;
			remoteInfo = week6;
		};
/* End PBXContainerItemProxy section */

/* Begin PBXFileReference section */
		0798F8311EA86800004D9AD7 /* week6.app */ = {isa = PBXFileReference; explicitFileType = wrapper.application; includeInIndex = 0; path = week6.app; sourceTree = BUILT_PRODUCTS_DIR; };
		0798F8341EA86800004D9AD7 /* AppDelegate.swift */ = {isa = PBXFileReference; lastKnownFileType = sourcecode.swift; path = AppDelegate.swift; sourceTree = "<group>"; };
		0798F8361EA86800004D9AD7 /* ViewController.swift */ = {isa = PBXFileReference; lastKnownFileType = sourcecode.swift; path = ViewController.swift; sourceTree = "<group>"; };
		0798F8391EA86800004D9AD7 /* Base */ = {isa = PBXFileReference; lastKnownFileType = file.storyboard; name = Base; path = Base.lproj/Main.storyboard; sourceTree = "<group>"; };
		0798F83B1EA86800004D9AD7 /* Assets.xcassets */ = {isa = PBXFileReference; lastKnownFileType = folder.assetcatalog; path = Assets.xcassets; sourceTree = "<group>"; };
		0798F83E1EA86800004D9AD7 /* Base */ = {isa = PBXFileReference; lastKnownFileType = file.storyboard; name = Base; path = Base.lproj/LaunchScreen.storyboard; sourceTree = "<group>"; };
		0798F8401EA86800004D9AD7 /* Info.plist */ = {isa = PBXFileReference; lastKnownFileType = text.plist.xml; path = Info.plist; sourceTree = "<group>"; };
		0798F8451EA86800004D9AD7 /* week6Tests.xctest */ = {isa = PBXFileReference; explicitFileType = wrapper.cfbundle; includeInIndex = 0; path = week6Tests.xctest; sourceTree = BUILT_PRODUCTS_DIR; };
		0798F8491EA86800004D9AD7 /* week6Tests.swift */ = {isa = PBXFileReference; lastKnownFileType = sourcecode.swift; path = week6Tests.swift; sourceTree = "<group>"; };
		0798F84B1EA86800004D9AD7 /* Info.plist */ = {isa = PBXFileReference; lastKnownFileType = text.plist.xml; path = Info.plist; sourceTree = "<group>"; };
		0798F8501EA86800004D9AD7 /* week6UITests.xctest */ = {isa = PBXFileReference; explicitFileType = wrapper.cfbundle; includeInIndex = 0; path = week6UITests.xctest; sourceTree = BUILT_PRODUCTS_DIR; };
		0798F8541EA86800004D9AD7 /* week6UITests.swift */ = {isa = PBXFileReference; lastKnownFileType = sourcecode.swift; path = week6UITests.swift; sourceTree = "<group>"; };
		0798F8561EA86800004D9AD7 /* Info.plist */ = {isa = PBXFileReference; lastKnownFileType = text.plist.xml; path = Info.plist; sourceTree = "<group>"; };
/* End PBXFileReference section */

/* Begin PBXFrameworksBuildPhase section */
		0798F82E1EA86800004D9AD7 /* Frameworks */ = {
			isa = PBXFrameworksBuildPhase;
			buildActionMask = 2147483647;
			files = (
			);
			runOnlyForDeploymentPostprocessing = 0;
		};
		0798F8421EA86800004D9AD7 /* Frameworks */ = {
			isa = PBXFrameworksBuildPhase;
			buildActionMask = 2147483647;
			files = (
			);
			runOnlyForDeploymentPostprocessing = 0;
		};
		0798F84D1EA86800004D9AD7 /* Frameworks */ = {
			isa = PBXFrameworksBuildPhase;
			buildActionMask = 2147483647;
			files = (
			);
			runOnlyForDeploymentPostprocessing = 0;
		};
/* End PBXFrameworksBuildPhase section */

/* Begin PBXGroup section */
		0798F8281EA86800004D9AD7 = {
			isa = PBXGroup;
			children = (
				0798F8331EA86800004D9AD7 /* week6 */,
				0798F8481EA86800004D9AD7 /* week6Tests */,
				0798F8531EA86800004D9AD7 /* week6UITests */,
				0798F8321EA86800004D9AD7 /* Products */,
			);
			sourceTree = "<group>";
		};
		0798F8321EA86800004D9AD7 /* Products */ = {
			isa = PBXGroup;
			children = (
				0798F8311EA86800004D9AD7 /* week6.app */,
				0798F8451EA86800004D9AD7 /* week6Tests.xctest */,
				0798F8501EA86800004D9AD7 /* week6UITests.xctest */,
			);
			name = Products;
			sourceTree = "<group>";
		};
		0798F8331EA86800004D9AD7 /* week6 */ = {
			isa = PBXGroup;
			children = (
				0798F8341EA86800004D9AD7 /* AppDelegate.swift */,
				0798F8361EA86800004D9AD7 /* ViewController.swift */,
				0798F8381EA86800004D9AD7 /* Main.storyboard */,
				0798F83B1EA86800004D9AD7 /* Assets.xcassets */,
				0798F83D1EA86800004D9AD7 /* LaunchScreen.storyboard */,
				0798F8401EA86800004D9AD7 /* Info.plist */,
			);
			path = week6;
			sourceTree = "<group>";
		};
		0798F8481EA86800004D9AD7 /* week6Tests */ = {
			isa = PBXGroup;
			children = (
				0798F8491EA86800004D9AD7 /* week6Tests.swift */,
				0798F84B1EA86800004D9AD7 /* Info.plist */,
			);
			path = week6Tests;
			sourceTree = "<group>";
		};
		0798F8531EA86800004D9AD7 /* week6UITests */ = {
			isa = PBXGroup;
			children = (
				0798F8541EA86800004D9AD7 /* week6UITests.swift */,
				0798F8561EA86800004D9AD7 /* Info.plist */,
			);
			path = week6UITests;
			sourceTree = "<group>";
		};
/* End PBXGroup section */

/* Begin PBXNativeTarget section */
		0798F8301EA86800004D9AD7 /* week6 */ = {
			isa = PBXNativeTarget;
			buildConfigurationList = 0798F8591EA86800004D9AD7 /* Build configuration list for PBXNativeTarget "week6" */;
			buildPhases = (
				0798F82D1EA86800004D9AD7 /* Sources */,
				0798F82E1EA86800004D9AD7 /* Frameworks */,
				0798F82F1EA86800004D9AD7 /* Resources */,
			);
			buildRules = (
			);
			dependencies = (
			);
			name = week6;
			productName = week6;
			productReference = 0798F8311EA86800004D9AD7 /* week6.app */;
			productType = "com.apple.product-type.application";
		};
		0798F8441EA86800004D9AD7 /* week6Tests */ = {
			isa = PBXNativeTarget;
			buildConfigurationList = 0798F85C1EA86800004D9AD7 /* Build configuration list for PBXNativeTarget "week6Tests" */;
			buildPhases = (
				0798F8411EA86800004D9AD7 /* Sources */,
				0798F8421EA86800004D9AD7 /* Frameworks */,
				0798F8431EA86800004D9AD7 /* Resources */,
			);
			buildRules = (
			);
			dependencies = (
				0798F8471EA86800004D9AD7 /* PBXTargetDependency */,
			);
			name = week6Tests;
			productName = week6Tests;
			productReference = 0798F8451EA86800004D9AD7 /* week6Tests.xctest */;
			productType = "com.apple.product-type.bundle.unit-test";
		};
		0798F84F1EA86800004D9AD7 /* week6UITests */ = {
			isa = PBXNativeTarget;
			buildConfigurationList = 0798F85F1EA86800004D9AD7 /* Build configuration list for PBXNativeTarget "week6UITests" */;
			buildPhases = (
				0798F84C1EA86800004D9AD7 /* Sources */,
				0798F84D1EA86800004D9AD7 /* Frameworks */,
				0798F84E1EA86800004D9AD7 /* Resources */,
			);
			buildRules = (
			);
			dependencies = (
				0798F8521EA86800004D9AD7 /* PBXTargetDependency */,
			);
			name = week6UITests;
			productName = week6UITests;
			productReference = 0798F8501EA86800004D9AD7 /* week6UITests.xctest */;
			productType = "com.apple.product-type.bundle.ui-testing";
		};
/* End PBXNativeTarget section */

/* Begin PBXProject section */
		0798F8291EA86800004D9AD7 /* Project object */ = {
			isa = PBXProject;
			attributes = {
				LastSwiftUpdateCheck = 0820;
				LastUpgradeCheck = 0820;
				ORGANIZATIONNAME = "THUAN THANH LU";
				TargetAttributes = {
					0798F8301EA86800004D9AD7 = {
						CreatedOnToolsVersion = 8.2.1;
						ProvisioningStyle = Automatic;
					};
					0798F8441EA86800004D9AD7 = {
						CreatedOnToolsVersion = 8.2.1;
						ProvisioningStyle = Automatic;
						TestTargetID = 0798F8301EA86800004D9AD7;
					};
					0798F84F1EA86800004D9AD7 = {
						CreatedOnToolsVersion = 8.2.1;
						ProvisioningStyle = Automatic;
						TestTargetID = 0798F8301EA86800004D9AD7;
					};
				};
			};
			buildConfigurationList = 0798F82C1EA86800004D9AD7 /* Build configuration list for PBXProject "week6" */;
			compatibilityVersion = "Xcode 3.2";
			developmentRegion = English;
			hasScannedForEncodings = 0;
			knownRegions = (
				en,
				Base,
			);
			mainGroup = 0798F8281EA86800004D9AD7;
			productRefGroup = 0798F8321EA86800004D9AD7 /* Products */;
			projectDirPath = "";
			projectRoot = "";
			targets = (
				0798F8301EA86800004D9AD7 /* week6 */,
				0798F8441EA86800004D9AD7 /* week6Tests */,
				0798F84F1EA86800004D9AD7 /* week6UITests */,
			);
		};
/* End PBXProject section */

/* Begin PBXResourcesBuildPhase section */
		0798F82F1EA86800004D9AD7 /* Resources */ = {
			isa = PBXResourcesBuildPhase;
			buildActionMask = 2147483647;
			files = (
				0798F83F1EA86800004D9AD7 /* LaunchScreen.storyboard in Resources */,
				0798F83C1EA86800004D9AD7 /* Assets.xcassets in Resources */,
				0798F83A1EA86800004D9AD7 /* Main.storyboard in Resources */,
			);
			runOnlyForDeploymentPostprocessing = 0;
		};
		0798F8431EA86800004D9AD7 /* Resources */ = {
			isa = PBXResourcesBuildPhase;
			buildActionMask = 2147483647;
			files = (
			);
			runOnlyForDeploymentPostprocessing = 0;
		};
		0798F84E1EA86800004D9AD7 /* Resources */ = {
			isa = PBXResourcesBuildPhase;
			buildActionMask = 2147483647;
			files = (
			);
			runOnlyForDeploymentPostprocessing = 0;
		};
/* End PBXResourcesBuildPhase section */

/* Begin PBXSourcesBuildPhase section */
		0798F82D1EA86800004D9AD7 /* Sources */ = {
			isa = PBXSourcesBuildPhase;
			buildActionMask = 2147483647;
			files = (
				0798F8371EA86800004D9AD7 /* ViewController.swift in Sources */,
				0798F8351EA86800004D9AD7 /* AppDelegate.swift in Sources */,
			);
			runOnlyForDeploymentPostprocessing = 0;
		};
		0798F8411EA86800004D9AD7 /* Sources */ = {
			isa = PBXSourcesBuildPhase;
			buildActionMask = 2147483647;
			files = (
				0798F84A1EA86800004D9AD7 /* week6Tests.swift in Sources */,
			);
			runOnlyForDeploymentPostprocessing = 0;
		};
		0798F84C1EA86800004D9AD7 /* Sources */ = {
			isa = PBXSourcesBuildPhase;
			buildActionMask = 2147483647;
			files = (
				0798F8551EA86800004D9AD7 /* week6UITests.swift in Sources */,
			);
			runOnlyForDeploymentPostprocessing = 0;
		};
/* End PBXSourcesBuildPhase section */

/* Begin PBXTargetDependency section */
		0798F8471EA86800004D9AD7 /* PBXTargetDependency */ = {
			isa = PBXTargetDependency;
			target = 0798F8301EA86800004D9AD7 /* week6 */;
			targetProxy = 0798F8461EA86800004D9AD7 /* PBXContainerItemProxy */;
		};
		0798F8521EA86800004D9AD7 /* PBXTargetDependency */ = {
			isa = PBXTargetDependency;
			target = 0798F8301EA86800004D9AD7 /* week6 */;
			targetProxy = 0798F8511EA86800004D9AD7 /* PBXContainerItemProxy */;
		};
/* End PBXTargetDependency section */

/* Begin PBXVariantGroup section */
		0798F8381EA86800004D9AD7 /* Main.storyboard */ = {
			isa = PBXVariantGroup;
			children = (
				0798F8391EA86800004D9AD7 /* Base */,
			);
			name = Main.storyboard;
			sourceTree = "<group>";
		};
		0798F83D1EA86800004D9AD7 /* LaunchScreen.storyboard */ = {
			isa = PBXVariantGroup;
			children = (
				0798F83E1EA86800004D9AD7 /* Base */,
			);
			name = LaunchScreen.storyboard;
			sourceTree = "<group>";
		};
/* End PBXVariantGroup section */

/* Begin XCBuildConfiguration section */
		0798F8571EA86800004D9AD7 /* Debug */ = {
			isa = XCBuildConfiguration;
			buildSettings = {
				ALWAYS_SEARCH_USER_PATHS = NO;
				CLANG_ANALYZER_NONNULL = YES;
				CLANG_CXX_LANGUAGE_STANDARD = "gnu++0x";
				CLANG_CXX_LIBRARY = "libc++";
				CLANG_ENABLE_MODULES = YES;
				CLANG_ENABLE_OBJC_ARC = YES;
				CLANG_WARN_BOOL_CONVERSION = YES;
				CLANG_WARN_CONSTANT_CONVERSION = YES;
				CLANG_WARN_DIRECT_OBJC_ISA_USAGE = YES_ERROR;
				CLANG_WARN_DOCUMENTATION_COMMENTS = YES;
				CLANG_WARN_EMPTY_BODY = YES;
				CLANG_WARN_ENUM_CONVERSION = YES;
				CLANG_WARN_INFINITE_RECURSION = YES;
				CLANG_WARN_INT_CONVERSION = YES;
				CLANG_WARN_OBJC_ROOT_CLASS = YES_ERROR;
				CLANG_WARN_SUSPICIOUS_MOVE = YES;
				CLANG_WARN_UNREACHABLE_CODE = YES;
				CLANG_WARN__DUPLICATE_METHOD_MATCH = YES;
				"CODE_SIGN_IDENTITY[sdk=iphoneos*]" = "iPhone Developer";
				COPY_PHASE_STRIP = NO;
				DEBUG_INFORMATION_FORMAT = dwarf;
				ENABLE_STRICT_OBJC_MSGSEND = YES;
				ENABLE_TESTABILITY = YES;
				GCC_C_LANGUAGE_STANDARD = gnu99;
				GCC_DYNAMIC_NO_PIC = NO;
				GCC_NO_COMMON_BLOCKS = YES;
				GCC_OPTIMIZATION_LEVEL = 0;
				GCC_PREPROCESSOR_DEFINITIONS = (
					"DEBUG=1",
					"$(inherited)",
				);
				GCC_WARN_64_TO_32_BIT_CONVERSION = YES;
				GCC_WARN_ABOUT_RETURN_TYPE = YES_ERROR;
				GCC_WARN_UNDECLARED_SELECTOR = YES;
				GCC_WARN_UNINITIALIZED_AUTOS = YES_AGGRESSIVE;
				GCC_WARN_UNUSED_FUNCTION = YES;
				GCC_WARN_UNUSED_VARIABLE = YES;
				IPHONEOS_DEPLOYMENT_TARGET = 10.2;
				MTL_ENABLE_DEBUG_INFO = YES;
				ONLY_ACTIVE_ARCH = YES;
				SDKROOT = iphoneos;
				SWIFT_ACTIVE_COMPILATION_CONDITIONS = DEBUG;
				SWIFT_OPTIMIZATION_LEVEL = "-Onone";
				TARGETED_DEVICE_FAMILY = "1,2";
			};
			name = Debug;
		};
		0798F8581EA86800004D9AD7 /* Release */ = {
			isa = XCBuildConfiguration;
			buildSettings = {
				ALWAYS_SEARCH_USER_PATHS = NO;
				CLANG_ANALYZER_NONNULL = YES;
				CLANG_CXX_LANGUAGE_STANDARD = "gnu++0x";
				CLANG_CXX_LIBRARY = "libc++";
				CLANG_ENABLE_MODULES = YES;
				CLANG_ENABLE_OBJC_ARC = YES;
				CLANG_WARN_BOOL_CONVERSION = YES;
				CLANG_WARN_CONSTANT_CONVERSION = YES;
				CLANG_WARN_DIRECT_OBJC_ISA_USAGE = YES_ERROR;
				CLANG_WARN_DOCUMENTATION_COMMENTS = YES;
				CLANG_WARN_EMPTY_BODY = YES;
				CLANG_WARN_ENUM_CONVERSION = YES;
				CLANG_WARN_INFINITE_RECURSION = YES;
				CLANG_WARN_INT_CONVERSION = YES;
				CLANG_WARN_OBJC_ROOT_CLASS = YES_ERROR;
				CLANG_WARN_SUSPICIOUS_MOVE = YES;
				CLANG_WARN_UNREACHABLE_CODE = YES;
				CLANG_WARN__DUPLICATE_METHOD_MATCH = YES;
				"CODE_SIGN_IDENTITY[sdk=iphoneos*]" = "iPhone Developer";
				COPY_PHASE_STRIP = NO;
				DEBUG_INFORMATION_FORMAT = "dwarf-with-dsym";
				ENABLE_NS_ASSERTIONS = NO;
				ENABLE_STRICT_OBJC_MSGSEND = YES;
				GCC_C_LANGUAGE_STANDARD = gnu99;
				GCC_NO_COMMON_BLOCKS = YES;
				GCC_WARN_64_TO_32_BIT_CONVERSION = YES;
				GCC_WARN_ABOUT_RETURN_TYPE = YES_ERROR;
				GCC_WARN_UNDECLARED_SELECTOR = YES;
				GCC_WARN_UNINITIALIZED_AUTOS = YES_AGGRESSIVE;
				GCC_WARN_UNUSED_FUNCTION = YES;
				GCC_WARN_UNUSED_VARIABLE = YES;
				IPHONEOS_DEPLOYMENT_TARGET = 10.2;
				MTL_ENABLE_DEBUG_INFO = NO;
				SDKROOT = iphoneos;
				SWIFT_OPTIMIZATION_LEVEL = "-Owholemodule";
				TARGETED_DEVICE_FAMILY = "1,2";
				VALIDATE_PRODUCT = YES;
			};
			name = Release;
		};
		0798F85A1EA86800004D9AD7 /* Debug */ = {
			isa = XCBuildConfiguration;
			buildSettings = {
				ASSETCATALOG_COMPILER_APPICON_NAME = AppIcon;
				INFOPLIST_FILE = week6/Info.plist;
				LD_RUNPATH_SEARCH_PATHS = "$(inherited) @executable_path/Frameworks";
				PRODUCT_BUNDLE_IDENTIFIER = SIT206.week6;
				PRODUCT_NAME = "$(TARGET_NAME)";
				SWIFT_VERSION = 3.0;
			};
			name = Debug;
		};
		0798F85B1EA86800004D9AD7 /* Release */ = {
			isa = XCBuildConfiguration;
			buildSettings = {
				ASSETCATALOG_COMPILER_APPICON_NAME = AppIcon;
				INFOPLIST_FILE = week6/Info.plist;
				LD_RUNPATH_SEARCH_PATHS = "$(inherited) @executable_path/Frameworks";
				PRODUCT_BUNDLE_IDENTIFIER = SIT206.week6;
				PRODUCT_NAME = "$(TARGET_NAME)";
				SWIFT_VERSION = 3.0;
			};
			name = Release;
		};
		0798F85D1EA86800004D9AD7 /* Debug */ = {
			isa = XCBuildConfiguration;
			buildSettings = {
				ALWAYS_EMBED_SWIFT_STANDARD_LIBRARIES = YES;
				BUNDLE_LOADER = "$(TEST_HOST)";
				INFOPLIST_FILE = week6Tests/Info.plist;
				LD_RUNPATH_SEARCH_PATHS = "$(inherited) @executable_path/Frameworks @loader_path/Frameworks";
				PRODUCT_BUNDLE_IDENTIFIER = SIT206.week6Tests;
				PRODUCT_NAME = "$(TARGET_NAME)";
				SWIFT_VERSION = 3.0;
				TEST_HOST = "$(BUILT_PRODUCTS_DIR)/week6.app/week6";
			};
			name = Debug;
		};
		0798F85E1EA86800004D9AD7 /* Release */ = {
			isa = XCBuildConfiguration;
			buildSettings = {
				ALWAYS_EMBED_SWIFT_STANDARD_LIBRARIES = YES;
				BUNDLE_LOADER = "$(TEST_HOST)";
				INFOPLIST_FILE = week6Tests/Info.plist;
				LD_RUNPATH_SEARCH_PATHS = "$(inherited) @executable_path/Frameworks @loader_path/Frameworks";
				PRODUCT_BUNDLE_IDENTIFIER = SIT206.week6Tests;
				PRODUCT_NAME = "$(TARGET_NAME)";
				SWIFT_VERSION = 3.0;
				TEST_HOST = "$(BUILT_PRODUCTS_DIR)/week6.app/week6";
			};
			name = Release;
		};
		0798F8601EA86800004D9AD7 /* Debug */ = {
			isa = XCBuildConfiguration;
			buildSettings = {
				ALWAYS_EMBED_SWIFT_STANDARD_LIBRARIES = YES;
				INFOPLIST_FILE = week6UITests/Info.plist;
				LD_RUNPATH_SEARCH_PATHS = "$(inherited) @executable_path/Frameworks @loader_path/Frameworks";
				PRODUCT_BUNDLE_IDENTIFIER = SIT206.week6UITests;
				PRODUCT_NAME = "$(TARGET_NAME)";
				SWIFT_VERSION = 3.0;
				TEST_TARGET_NAME = week6;
			};
			name = Debug;
		};
		0798F8611EA86800004D9AD7 /* Release */ = {
			isa = XCBuildConfiguration;
			buildSettings = {
				ALWAYS_EMBED_SWIFT_STANDARD_LIBRARIES = YES;
				INFOPLIST_FILE = week6UITests/Info.plist;
				LD_RUNPATH_SEARCH_PATHS = "$(inherited) @executable_path/Frameworks @loader_path/Frameworks";
				PRODUCT_BUNDLE_IDENTIFIER = SIT206.week6UITests;
				PRODUCT_NAME = "$(TARGET_NAME)";
				SWIFT_VERSION = 3.0;
				TEST_TARGET_NAME = week6;
			};
			name = Release;
		};
/* End XCBuildConfiguration section */

/* Begin XCConfigurationList section */
		0798F82C1EA86800004D9AD7 /* Build configuration list for PBXProject "week6" */ = {
			isa = XCConfigurationList;
			buildConfigurations = (
				0798F8571EA86800004D9AD7 /* Debug */,
				0798F8581EA86800004D9AD7 /* Release */,
			);
			defaultConfigurationIsVisible = 0;
			defaultConfigurationName = Release;
		};
		0798F8591EA86800004D9AD7 /* Build configuration list for PBXNativeTarget "week6" */ = {
			isa = XCConfigurationList;
			buildConfigurations = (
				0798F85A1EA86800004D9AD7 /* Debug */,
				0798F85B1EA86800004D9AD7 /* Release */,
			);
			defaultConfigurationIsVisible = 0;
		};
		0798F85C1EA86800004D9AD7 /* Build configuration list for PBXNativeTarget "week6Tests" */ = {
			isa = XCConfigurationList;
			buildConfigurations = (
				0798F85D1EA86800004D9AD7 /* Debug */,
				0798F85E1EA86800004D9AD7 /* Release */,
			);
			defaultConfigurationIsVisible = 0;
		};
		0798F85F1EA86800004D9AD7 /* Build configuration list for PBXNativeTarget "week6UITests" */ = {
			isa = XCConfigurationList;
			buildConfigurations = (
				0798F8601EA86800004D9AD7 /* Debug */,
				0798F8611EA86800004D9AD7 /* Release */,
			);
			defaultConfigurationIsVisible = 0;
		};
/* End XCConfigurationList section */
	};
	rootObject = 0798F8291EA86800004D9AD7 /* Project object */;
}
